
Microsoft Visual Studio Solution File, Format Version 12.00
# Visual Studio Version 16
VisualStudioVersion = 16.0.31729.503
MinimumVisualStudioVersion = 10.0.40219.1
Project("{888888A0-9F3D-457C-B088-3A5042F75D52}") = "1.7", "1.7\1.7.pyproj", "{07DC794A-7A44-4A8B-801F-DF057A942656}"
EndProject
Global
	GlobalSection(SolutionConfigurationPlatforms) = preSolution
		Debug|Any CPU = Debug|Any CPU
		Release|Any CPU = Release|Any CPU
	EndGlobalSection
	GlobalSection(ProjectConfigurationPlatforms) = postSolution
		{07DC794A-7A44-4A8B-801F-DF057A942656}.Debug|Any CPU.ActiveCfg = Debug|Any CPU
		{07DC794A-7A44-4A8B-801F-DF057A942656}.Release|Any CPU.ActiveCfg = Release|Any CPU
	EndGlobalSection
	GlobalSection(SolutionProperties) = preSolution
		HideSolutionNode = FALSE
	EndGlobalSection
	GlobalSection(ExtensibilityGlobals) = postSolution
		SolutionGuid = {17B9C1A1-089F-4AD1-892C-0E408EE310D6}
	EndGlobalSection
EndGlobal
