
Microsoft Visual Studio Solution File, Format Version 12.00
# Visual Studio Version 16
VisualStudioVersion = 16.0.31729.503
MinimumVisualStudioVersion = 10.0.40219.1
Project("{888888A0-9F3D-457C-B088-3A5042F75D52}") = "lista 1 1.5", "lista 1 1.5\lista 1 1.5.pyproj", "{EA5ACFE0-6DA2-4051-AB04-A47387CCC3FB}"
EndProject
Global
	GlobalSection(SolutionConfigurationPlatforms) = preSolution
		Debug|Any CPU = Debug|Any CPU
		Release|Any CPU = Release|Any CPU
	EndGlobalSection
	GlobalSection(ProjectConfigurationPlatforms) = postSolution
		{EA5ACFE0-6DA2-4051-AB04-A47387CCC3FB}.Debug|Any CPU.ActiveCfg = Debug|Any CPU
		{EA5ACFE0-6DA2-4051-AB04-A47387CCC3FB}.Release|Any CPU.ActiveCfg = Release|Any CPU
	EndGlobalSection
	GlobalSection(SolutionProperties) = preSolution
		HideSolutionNode = FALSE
	EndGlobalSection
	GlobalSection(ExtensibilityGlobals) = postSolution
		SolutionGuid = {6D149E3E-0648-414F-90F7-BB3140DF5082}
	EndGlobalSection
EndGlobal
