
Microsoft Visual Studio Solution File, Format Version 12.00
# Visual Studio Version 16
VisualStudioVersion = 16.0.31729.503
MinimumVisualStudioVersion = 10.0.40219.1
Project("{888888A0-9F3D-457C-B088-3A5042F75D52}") = "zad6.lista2", "zad6.lista2\zad6.lista2.pyproj", "{0D9A07B0-AB90-431D-9D6B-947AD721EDB2}"
EndProject
Global
	GlobalSection(SolutionConfigurationPlatforms) = preSolution
		Debug|Any CPU = Debug|Any CPU
		Release|Any CPU = Release|Any CPU
	EndGlobalSection
	GlobalSection(ProjectConfigurationPlatforms) = postSolution
		{0D9A07B0-AB90-431D-9D6B-947AD721EDB2}.Debug|Any CPU.ActiveCfg = Debug|Any CPU
		{0D9A07B0-AB90-431D-9D6B-947AD721EDB2}.Release|Any CPU.ActiveCfg = Release|Any CPU
	EndGlobalSection
	GlobalSection(SolutionProperties) = preSolution
		HideSolutionNode = FALSE
	EndGlobalSection
	GlobalSection(ExtensibilityGlobals) = postSolution
		SolutionGuid = {0591DC2A-0F73-4432-AFED-8A7E6CD9C5FC}
	EndGlobalSection
EndGlobal
