
Microsoft Visual Studio Solution File, Format Version 12.00
# Visual Studio Version 16
VisualStudioVersion = 16.0.31729.503
MinimumVisualStudioVersion = 10.0.40219.1
Project("{888888A0-9F3D-457C-B088-3A5042F75D52}") = "zad7.lista2", "zad7.lista2\zad7.lista2.pyproj", "{2B1DFA1B-F035-4EEE-ADE1-9E6025AD366E}"
EndProject
Global
	GlobalSection(SolutionConfigurationPlatforms) = preSolution
		Debug|Any CPU = Debug|Any CPU
		Release|Any CPU = Release|Any CPU
	EndGlobalSection
	GlobalSection(ProjectConfigurationPlatforms) = postSolution
		{2B1DFA1B-F035-4EEE-ADE1-9E6025AD366E}.Debug|Any CPU.ActiveCfg = Debug|Any CPU
		{2B1DFA1B-F035-4EEE-ADE1-9E6025AD366E}.Release|Any CPU.ActiveCfg = Release|Any CPU
	EndGlobalSection
	GlobalSection(SolutionProperties) = preSolution
		HideSolutionNode = FALSE
	EndGlobalSection
	GlobalSection(ExtensibilityGlobals) = postSolution
		SolutionGuid = {EE3B5667-5481-4133-80FA-4067E3AD6343}
	EndGlobalSection
EndGlobal
